
Microsoft Visual Studio Solution File, Format Version 12.00
Project("{FAE04EC0-301F-11D3-BF4B-00C04F79EFBC}") = "condition_variable", "condition_variable\condition_variable.csproj", "{A31FDB72-E33F-4875-A4EF-71E1A4ACA5BA}"
EndProject
Global
	GlobalSection(SolutionConfigurationPlatforms) = preSolution
		Debug|Any CPU = Debug|Any CPU
		Release|Any CPU = Release|Any CPU
	EndGlobalSection
	GlobalSection(ProjectConfigurationPlatforms) = postSolution
		{A31FDB72-E33F-4875-A4EF-71E1A4ACA5BA}.Debug|Any CPU.ActiveCfg = Debug|Any CPU
		{A31FDB72-E33F-4875-A4EF-71E1A4ACA5BA}.Debug|Any CPU.Build.0 = Debug|Any CPU
		{A31FDB72-E33F-4875-A4EF-71E1A4ACA5BA}.Release|Any CPU.ActiveCfg = Release|Any CPU
		{A31FDB72-E33F-4875-A4EF-71E1A4ACA5BA}.Release|Any CPU.Build.0 = Release|Any CPU
	EndGlobalSection
EndGlobal
