
Microsoft Visual Studio Solution File, Format Version 12.00
Project("{FAE04EC0-301F-11D3-BF4B-00C04F79EFBC}") = "thread_pool", "thread_pool\thread_pool.csproj", "{DAE41ECF-4F53-4198-AC75-20D9BDB44645}"
EndProject
Global
	GlobalSection(SolutionConfigurationPlatforms) = preSolution
		Debug|Any CPU = Debug|Any CPU
		Release|Any CPU = Release|Any CPU
	EndGlobalSection
	GlobalSection(ProjectConfigurationPlatforms) = postSolution
		{DAE41ECF-4F53-4198-AC75-20D9BDB44645}.Debug|Any CPU.ActiveCfg = Debug|Any CPU
		{DAE41ECF-4F53-4198-AC75-20D9BDB44645}.Debug|Any CPU.Build.0 = Debug|Any CPU
		{DAE41ECF-4F53-4198-AC75-20D9BDB44645}.Release|Any CPU.ActiveCfg = Release|Any CPU
		{DAE41ECF-4F53-4198-AC75-20D9BDB44645}.Release|Any CPU.Build.0 = Release|Any CPU
	EndGlobalSection
EndGlobal
